
Microsoft Visual Studio Solution File, Format Version 12.00
# Visual Studio Version 17
VisualStudioVersion = 17.4.33213.308
MinimumVisualStudioVersion = 10.0.40219.1
Project("{FAE04EC0-301F-11D3-BF4B-00C04F79EFBC}") = "ProyectoMVC", "ProyectoMVC.csproj", "{3F1FE239-1DA4-4985-81A5-B6CEC50F5B96}"
EndProject
Global
	GlobalSection(SolutionConfigurationPlatforms) = preSolution
		Debug|Any CPU = Debug|Any CPU
		Release|Any CPU = Release|Any CPU
	EndGlobalSection
	GlobalSection(ProjectConfigurationPlatforms) = postSolution
		{3F1FE239-1DA4-4985-81A5-B6CEC50F5B96}.Debug|Any CPU.ActiveCfg = Debug|Any CPU
		{3F1FE239-1DA4-4985-81A5-B6CEC50F5B96}.Debug|Any CPU.Build.0 = Debug|Any CPU
		{3F1FE239-1DA4-4985-81A5-B6CEC50F5B96}.Release|Any CPU.ActiveCfg = Release|Any CPU
		{3F1FE239-1DA4-4985-81A5-B6CEC50F5B96}.Release|Any CPU.Build.0 = Release|Any CPU
	EndGlobalSection
	GlobalSection(SolutionProperties) = preSolution
		HideSolutionNode = FALSE
	EndGlobalSection
	GlobalSection(ExtensibilityGlobals) = postSolution
		SolutionGuid = {08677B54-A0EA-4191-AC18-81D93BE07415}
	EndGlobalSection
EndGlobal
